
Microsoft Visual Studio Solution File, Format Version 12.00
# Visual Studio Version 17
VisualStudioVersion = 17.0.31903.59
MinimumVisualStudioVersion = 10.0.40219.1
Project("{FAE04EC0-301F-11D3-BF4B-00C04F79EFBC}") = "API", "API\API.csproj", "{79AA4B37-178C-4A63-93ED-89D73948C338}"
EndProject
Project("{FAE04EC0-301F-11D3-BF4B-00C04F79EFBC}") = "Application", "Application\Application.csproj", "{F1155F2A-3791-4DBA-9078-D5F2185C1A20}"
EndProject
Project("{FAE04EC0-301F-11D3-BF4B-00C04F79EFBC}") = "Domain", "Domain\Domain.csproj", "{7275CE4F-1670-4FFC-811C-87C6A1258577}"
EndProject
Project("{FAE04EC0-301F-11D3-BF4B-00C04F79EFBC}") = "Persistence", "Persistence\Persistence.csproj", "{8D675AA7-D7B4-4506-B9B7-1EC5FC994450}"
EndProject
Global
	GlobalSection(SolutionConfigurationPlatforms) = preSolution
		Debug|Any CPU = Debug|Any CPU
		Release|Any CPU = Release|Any CPU
	EndGlobalSection
	GlobalSection(SolutionProperties) = preSolution
		HideSolutionNode = FALSE
	EndGlobalSection
	GlobalSection(ProjectConfigurationPlatforms) = postSolution
		{79AA4B37-178C-4A63-93ED-89D73948C338}.Debug|Any CPU.ActiveCfg = Debug|Any CPU
		{79AA4B37-178C-4A63-93ED-89D73948C338}.Debug|Any CPU.Build.0 = Debug|Any CPU
		{79AA4B37-178C-4A63-93ED-89D73948C338}.Release|Any CPU.ActiveCfg = Release|Any CPU
		{79AA4B37-178C-4A63-93ED-89D73948C338}.Release|Any CPU.Build.0 = Release|Any CPU
		{F1155F2A-3791-4DBA-9078-D5F2185C1A20}.Debug|Any CPU.ActiveCfg = Debug|Any CPU
		{F1155F2A-3791-4DBA-9078-D5F2185C1A20}.Debug|Any CPU.Build.0 = Debug|Any CPU
		{F1155F2A-3791-4DBA-9078-D5F2185C1A20}.Release|Any CPU.ActiveCfg = Release|Any CPU
		{F1155F2A-3791-4DBA-9078-D5F2185C1A20}.Release|Any CPU.Build.0 = Release|Any CPU
		{7275CE4F-1670-4FFC-811C-87C6A1258577}.Debug|Any CPU.ActiveCfg = Debug|Any CPU
		{7275CE4F-1670-4FFC-811C-87C6A1258577}.Debug|Any CPU.Build.0 = Debug|Any CPU
		{7275CE4F-1670-4FFC-811C-87C6A1258577}.Release|Any CPU.ActiveCfg = Release|Any CPU
		{7275CE4F-1670-4FFC-811C-87C6A1258577}.Release|Any CPU.Build.0 = Release|Any CPU
		{8D675AA7-D7B4-4506-B9B7-1EC5FC994450}.Debug|Any CPU.ActiveCfg = Debug|Any CPU
		{8D675AA7-D7B4-4506-B9B7-1EC5FC994450}.Debug|Any CPU.Build.0 = Debug|Any CPU
		{8D675AA7-D7B4-4506-B9B7-1EC5FC994450}.Release|Any CPU.ActiveCfg = Release|Any CPU
		{8D675AA7-D7B4-4506-B9B7-1EC5FC994450}.Release|Any CPU.Build.0 = Release|Any CPU
	EndGlobalSection
EndGlobal
